
Microsoft Visual Studio Solution File, Format Version 12.00
# Visual Studio 2010
Project("{FAE04EC0-301F-11D3-BF4B-00C04F79EFBC}") = "MyJobLeads", "MyJobLeads\MyJobLeads.csproj", "{26817E97-9878-44C5-80A7-8570D850D79D}"
EndProject
Project("{FAE04EC0-301F-11D3-BF4B-00C04F79EFBC}") = "MyJobLeads.Tests", "MyJobLeads.Tests\MyJobLeads.Tests.csproj", "{747B3BC1-F66E-43CC-A408-33230803C471}"
EndProject
Project("{FAE04EC0-301F-11D3-BF4B-00C04F79EFBC}") = "MyJobLeads.DomainModel", "MyJobLeads.DomainModel\MyJobLeads.DomainModel.csproj", "{B8CE5C58-BADC-4504-93FB-CFA05F8DAC6F}"
EndProject
Global
	GlobalSection(SolutionConfigurationPlatforms) = preSolution
		Debug|Any CPU = Debug|Any CPU
		Release|Any CPU = Release|Any CPU
	EndGlobalSection
	GlobalSection(ProjectConfigurationPlatforms) = postSolution
		{26817E97-9878-44C5-80A7-8570D850D79D}.Debug|Any CPU.ActiveCfg = Debug|Any CPU
		{26817E97-9878-44C5-80A7-8570D850D79D}.Debug|Any CPU.Build.0 = Debug|Any CPU
		{26817E97-9878-44C5-80A7-8570D850D79D}.Release|Any CPU.ActiveCfg = Release|Any CPU
		{26817E97-9878-44C5-80A7-8570D850D79D}.Release|Any CPU.Build.0 = Release|Any CPU
		{747B3BC1-F66E-43CC-A408-33230803C471}.Debug|Any CPU.ActiveCfg = Debug|Any CPU
		{747B3BC1-F66E-43CC-A408-33230803C471}.Debug|Any CPU.Build.0 = Debug|Any CPU
		{747B3BC1-F66E-43CC-A408-33230803C471}.Release|Any CPU.ActiveCfg = Release|Any CPU
		{747B3BC1-F66E-43CC-A408-33230803C471}.Release|Any CPU.Build.0 = Release|Any CPU
		{B8CE5C58-BADC-4504-93FB-CFA05F8DAC6F}.Debug|Any CPU.ActiveCfg = Debug|Any CPU
		{B8CE5C58-BADC-4504-93FB-CFA05F8DAC6F}.Debug|Any CPU.Build.0 = Debug|Any CPU
		{B8CE5C58-BADC-4504-93FB-CFA05F8DAC6F}.Release|Any CPU.ActiveCfg = Release|Any CPU
		{B8CE5C58-BADC-4504-93FB-CFA05F8DAC6F}.Release|Any CPU.Build.0 = Release|Any CPU
	EndGlobalSection
	GlobalSection(SolutionProperties) = preSolution
		HideSolutionNode = FALSE
	EndGlobalSection
EndGlobal
